
Microsoft Visual Studio Solution File, Format Version 12.00
# Visual Studio Version 17
VisualStudioVersion = 17.5.33424.131
MinimumVisualStudioVersion = 10.0.40219.1
Project("{FAE04EC0-301F-11D3-BF4B-00C04F79EFBC}") = "Read_cXML_Invoices", "Read_cXML_Invoices\Read_cXML_Invoices.csproj", "{78BC180D-12E1-4029-9BD7-D3C4145B1E46}"
EndProject
Global
	GlobalSection(SolutionConfigurationPlatforms) = preSolution
		Debug|Any CPU = Debug|Any CPU
		Release|Any CPU = Release|Any CPU
	EndGlobalSection
	GlobalSection(ProjectConfigurationPlatforms) = postSolution
		{78BC180D-12E1-4029-9BD7-D3C4145B1E46}.Debug|Any CPU.ActiveCfg = Debug|Any CPU
		{78BC180D-12E1-4029-9BD7-D3C4145B1E46}.Debug|Any CPU.Build.0 = Debug|Any CPU
		{78BC180D-12E1-4029-9BD7-D3C4145B1E46}.Release|Any CPU.ActiveCfg = Release|Any CPU
		{78BC180D-12E1-4029-9BD7-D3C4145B1E46}.Release|Any CPU.Build.0 = Release|Any CPU
	EndGlobalSection
	GlobalSection(SolutionProperties) = preSolution
		HideSolutionNode = FALSE
	EndGlobalSection
	GlobalSection(ExtensibilityGlobals) = postSolution
		SolutionGuid = {FDF02E86-B1C3-4662-9957-A835ACE2F655}
	EndGlobalSection
EndGlobal
